# This file is autogenerated, do not edit; changes may be undone by the next 'dep ensure'.


[[projects]]
  name = "github.com/go-sql-driver/mysql"
  packages = ["."]
  revision = "a0583e0143b1624142adab07e0e97fe106d99561"
  version = "v1.3"

[[projects]]
  name = "github.com/jonboulle/clockwork"
  packages = ["."]
  revision = "2eee05ed794112d45db504eb05aa693efd2b8b09"
  version = "v0.1.0"

[[projects]]
  name = "github.com/mattes/migrate"
  packages = [".","database","database/mysql","source","source/file"]
  revision = "035c07716cd373d88456ec4d701402df52584cb4"
  version = "v3.0.1"

[solve-meta]
  analyzer-name = "dep"
  analyzer-version = 1
  inputs-digest = "fae4ee9be9bbf18035f68b34065676168e300b52dfc6252430a3a6fcdfea2aea"
  solver-name = "gps-cdcl"
  solver-version = 1
